// !$*UTF8*$!
{
	archiveVersion = 1;
	classes = {
	};
	objectVersion = 55;
	objects = {

/* Begin PBXBuildFile section */
		822DCBA8285AF5B30051F4A1 /* AppDelegate.swift in Sources */ = {isa = PBXBuildFile; fileRef = 822DCBA7285AF5B30051F4A1 /* AppDelegate.swift */; };
		822DCBAA285AF5B30051F4A1 /* SceneDelegate.swift in Sources */ = {isa = PBXBuildFile; fileRef = 822DCBA9285AF5B30051F4A1 /* SceneDelegate.swift */; };
		822DCBAC285AF5B30051F4A1 /* ViewController.swift in Sources */ = {isa = PBXBuildFile; fileRef = 822DCBAB285AF5B30051F4A1 /* ViewController.swift */; };
		822DCBAF285AF5B30051F4A1 /* Main.storyboard in Resources */ = {isa = PBXBuildFile; fileRef = 822DCBAD285AF5B30051F4A1 /* Main.storyboard */; };
		822DCBB1285AF5B40051F4A1 /* Assets.xcassets in Resources */ = {isa = PBXBuildFile; fileRef = 822DCBB0285AF5B40051F4A1 /* Assets.xcassets */; };
		822DCBB4285AF5B40051F4A1 /* LaunchScreen.storyboard in Resources */ = {isa = PBXBuildFile; fileRef = 822DCBB2285AF5B40051F4A1 /* LaunchScreen.storyboard */; };
		822DCBBF285AF5B40051F4A1 /* ChatAppWithFirebaseTests.swift in Sources */ = {isa = PBXBuildFile; fileRef = 822DCBBE285AF5B40051F4A1 /* ChatAppWithFirebaseTests.swift */; };
		822DCBC9285AF5B40051F4A1 /* ChatAppWithFirebaseUITests.swift in Sources */ = {isa = PBXBuildFile; fileRef = 822DCBC8285AF5B40051F4A1 /* ChatAppWithFirebaseUITests.swift */; };
		822DCBCB285AF5B40051F4A1 /* ChatAppWithFirebaseUITestsLaunchTests.swift in Sources */ = {isa = PBXBuildFile; fileRef = 822DCBCA285AF5B40051F4A1 /* ChatAppWithFirebaseUITestsLaunchTests.swift */; };
/* End PBXBuildFile section */

/* Begin PBXContainerItemProxy section */
		822DCBBB285AF5B40051F4A1 /* PBXContainerItemProxy */ = {
			isa = PBXContainerItemProxy;
			containerPortal = 822DCB9C285AF5B30051F4A1 /* Project object */;
			proxyType = 1;
			remoteGlobalIDString = 822DCBA3285AF5B30051F4A1;
			remoteInfo = ChatAppWithFirebase;
		};
		822DCBC5285AF5B40051F4A1 /* PBXContainerItemProxy */ = {
			isa = PBXContainerItemProxy;
			containerPortal = 822DCB9C285AF5B30051F4A1 /* Project object */;
			proxyType = 1;
			remoteGlobalIDString = 822DCBA3285AF5B30051F4A1;
			remoteInfo = ChatAppWithFirebase;
		};
/* End PBXContainerItemProxy section */

/* Begin PBXFileReference section */
		822DCBA4285AF5B30051F4A1 /* ChatAppWithFirebase.app */ = {isa = PBXFileReference; explicitFileType = wrapper.application; includeInIndex = 0; path = ChatAppWithFirebase.app; sourceTree = BUILT_PRODUCTS_DIR; };
		822DCBA7285AF5B30051F4A1 /* AppDelegate.swift */ = {isa = PBXFileReference; lastKnownFileType = sourcecode.swift; path = AppDelegate.swift; sourceTree = "<group>"; };
		822DCBA9285AF5B30051F4A1 /* SceneDelegate.swift */ = {isa = PBXFileReference; lastKnownFileType = sourcecode.swift; path = SceneDelegate.swift; sourceTree = "<group>"; };
		822DCBAB285AF5B30051F4A1 /* ViewController.swift */ = {isa = PBXFileReference; lastKnownFileType = sourcecode.swift; path = ViewController.swift; sourceTree = "<group>"; };
		822DCBAE285AF5B30051F4A1 /* Base */ = {isa = PBXFileReference; lastKnownFileType = file.storyboard; name = Base; path = Base.lproj/Main.storyboard; sourceTree = "<group>"; };
		822DCBB0285AF5B40051F4A1 /* Assets.xcassets */ = {isa = PBXFileReference; lastKnownFileType = folder.assetcatalog; path = Assets.xcassets; sourceTree = "<group>"; };
		822DCBB3285AF5B40051F4A1 /* Base */ = {isa = PBXFileReference; lastKnownFileType = file.storyboard; name = Base; path = Base.lproj/LaunchScreen.storyboard; sourceTree = "<group>"; };
		822DCBB5285AF5B40051F4A1 /* Info.plist */ = {isa = PBXFileReference; lastKnownFileType = text.plist.xml; path = Info.plist; sourceTree = "<group>"; };
		822DCBBA285AF5B40051F4A1 /* ChatAppWithFirebaseTests.xctest */ = {isa = PBXFileReference; explicitFileType = wrapper.cfbundle; includeInIndex = 0; path = ChatAppWithFirebaseTests.xctest; sourceTree = BUILT_PRODUCTS_DIR; };
		822DCBBE285AF5B40051F4A1 /* ChatAppWithFirebaseTests.swift */ = {isa = PBXFileReference; lastKnownFileType = sourcecode.swift; path = ChatAppWithFirebaseTests.swift; sourceTree = "<group>"; };
		822DCBC4285AF5B40051F4A1 /* ChatAppWithFirebaseUITests.xctest */ = {isa = PBXFileReference; explicitFileType = wrapper.cfbundle; includeInIndex = 0; path = ChatAppWithFirebaseUITests.xctest; sourceTree = BUILT_PRODUCTS_DIR; };
		822DCBC8285AF5B40051F4A1 /* ChatAppWithFirebaseUITests.swift */ = {isa = PBXFileReference; lastKnownFileType = sourcecode.swift; path = ChatAppWithFirebaseUITests.swift; sourceTree = "<group>"; };
		822DCBCA285AF5B40051F4A1 /* ChatAppWithFirebaseUITestsLaunchTests.swift */ = {isa = PBXFileReference; lastKnownFileType = sourcecode.swift; path = ChatAppWithFirebaseUITestsLaunchTests.swift; sourceTree = "<group>"; };
/* End PBXFileReference section */

/* Begin PBXFrameworksBuildPhase section */
		822DCBA1285AF5B30051F4A1 /* Frameworks */ = {
			isa = PBXFrameworksBuildPhase;
			buildActionMask = 2147483647;
			files = (
			);
			runOnlyForDeploymentPostprocessing = 0;
		};
		822DCBB7285AF5B40051F4A1 /* Frameworks */ = {
			isa = PBXFrameworksBuildPhase;
			buildActionMask = 2147483647;
			files = (
			);
			runOnlyForDeploymentPostprocessing = 0;
		};
		822DCBC1285AF5B40051F4A1 /* Frameworks */ = {
			isa = PBXFrameworksBuildPhase;
			buildActionMask = 2147483647;
			files = (
			);
			runOnlyForDeploymentPostprocessing = 0;
		};
/* End PBXFrameworksBuildPhase section */

/* Begin PBXGroup section */
		822DCB9B285AF5B30051F4A1 = {
			isa = PBXGroup;
			children = (
				822DCBA6285AF5B30051F4A1 /* ChatAppWithFirebase */,
				822DCBBD285AF5B40051F4A1 /* ChatAppWithFirebaseTests */,
				822DCBC7285AF5B40051F4A1 /* ChatAppWithFirebaseUITests */,
				822DCBA5285AF5B30051F4A1 /* Products */,
			);
			sourceTree = "<group>";
		};
		822DCBA5285AF5B30051F4A1 /* Products */ = {
			isa = PBXGroup;
			children = (
				822DCBA4285AF5B30051F4A1 /* ChatAppWithFirebase.app */,
				822DCBBA285AF5B40051F4A1 /* ChatAppWithFirebaseTests.xctest */,
				822DCBC4285AF5B40051F4A1 /* ChatAppWithFirebaseUITests.xctest */,
			);
			name = Products;
			sourceTree = "<group>";
		};
		822DCBA6285AF5B30051F4A1 /* ChatAppWithFirebase */ = {
			isa = PBXGroup;
			children = (
				822DCBA7285AF5B30051F4A1 /* AppDelegate.swift */,
				822DCBA9285AF5B30051F4A1 /* SceneDelegate.swift */,
				822DCBAB285AF5B30051F4A1 /* ViewController.swift */,
				822DCBAD285AF5B30051F4A1 /* Main.storyboard */,
				822DCBB0285AF5B40051F4A1 /* Assets.xcassets */,
				822DCBB2285AF5B40051F4A1 /* LaunchScreen.storyboard */,
				822DCBB5285AF5B40051F4A1 /* Info.plist */,
			);
			path = ChatAppWithFirebase;
			sourceTree = "<group>";
		};
		822DCBBD285AF5B40051F4A1 /* ChatAppWithFirebaseTests */ = {
			isa = PBXGroup;
			children = (
				822DCBBE285AF5B40051F4A1 /* ChatAppWithFirebaseTests.swift */,
			);
			path = ChatAppWithFirebaseTests;
			sourceTree = "<group>";
		};
		822DCBC7285AF5B40051F4A1 /* ChatAppWithFirebaseUITests */ = {
			isa = PBXGroup;
			children = (
				822DCBC8285AF5B40051F4A1 /* ChatAppWithFirebaseUITests.swift */,
				822DCBCA285AF5B40051F4A1 /* ChatAppWithFirebaseUITestsLaunchTests.swift */,
			);
			path = ChatAppWithFirebaseUITests;
			sourceTree = "<group>";
		};
/* End PBXGroup section */

/* Begin PBXNativeTarget section */
		822DCBA3285AF5B30051F4A1 /* ChatAppWithFirebase */ = {
			isa = PBXNativeTarget;
			buildConfigurationList = 822DCBCE285AF5B40051F4A1 /* Build configuration list for PBXNativeTarget "ChatAppWithFirebase" */;
			buildPhases = (
				822DCBA0285AF5B30051F4A1 /* Sources */,
				822DCBA1285AF5B30051F4A1 /* Frameworks */,
				822DCBA2285AF5B30051F4A1 /* Resources */,
			);
			buildRules = (
			);
			dependencies = (
			);
			name = ChatAppWithFirebase;
			productName = ChatAppWithFirebase;
			productReference = 822DCBA4285AF5B30051F4A1 /* ChatAppWithFirebase.app */;
			productType = "com.apple.product-type.application";
		};
		822DCBB9285AF5B40051F4A1 /* ChatAppWithFirebaseTests */ = {
			isa = PBXNativeTarget;
			buildConfigurationList = 822DCBD1285AF5B40051F4A1 /* Build configuration list for PBXNativeTarget "ChatAppWithFirebaseTests" */;
			buildPhases = (
				822DCBB6285AF5B40051F4A1 /* Sources */,
				822DCBB7285AF5B40051F4A1 /* Frameworks */,
				822DCBB8285AF5B40051F4A1 /* Resources */,
			);
			buildRules = (
			);
			dependencies = (
				822DCBBC285AF5B40051F4A1 /* PBXTargetDependency */,
			);
			name = ChatAppWithFirebaseTests;
			productName = ChatAppWithFirebaseTests;
			productReference = 822DCBBA285AF5B40051F4A1 /* ChatAppWithFirebaseTests.xctest */;
			productType = "com.apple.product-type.bundle.unit-test";
		};
		822DCBC3285AF5B40051F4A1 /* ChatAppWithFirebaseUITests */ = {
			isa = PBXNativeTarget;
			buildConfigurationList = 822DCBD4285AF5B40051F4A1 /* Build configuration list for PBXNativeTarget "ChatAppWithFirebaseUITests" */;
			buildPhases = (
				822DCBC0285AF5B40051F4A1 /* Sources */,
				822DCBC1285AF5B40051F4A1 /* Frameworks */,
				822DCBC2285AF5B40051F4A1 /* Resources */,
			);
			buildRules = (
			);
			dependencies = (
				822DCBC6285AF5B40051F4A1 /* PBXTargetDependency */,
			);
			name = ChatAppWithFirebaseUITests;
			productName = ChatAppWithFirebaseUITests;
			productReference = 822DCBC4285AF5B40051F4A1 /* ChatAppWithFirebaseUITests.xctest */;
			productType = "com.apple.product-type.bundle.ui-testing";
		};
/* End PBXNativeTarget section */

/* Begin PBXProject section */
		822DCB9C285AF5B30051F4A1 /* Project object */ = {
			isa = PBXProject;
			attributes = {
				BuildIndependentTargetsInParallel = 1;
				LastSwiftUpdateCheck = 1340;
				LastUpgradeCheck = 1340;
				TargetAttributes = {
					822DCBA3285AF5B30051F4A1 = {
						CreatedOnToolsVersion = 13.4.1;
					};
					822DCBB9285AF5B40051F4A1 = {
						CreatedOnToolsVersion = 13.4.1;
						TestTargetID = 822DCBA3285AF5B30051F4A1;
					};
					822DCBC3285AF5B40051F4A1 = {
						CreatedOnToolsVersion = 13.4.1;
						TestTargetID = 822DCBA3285AF5B30051F4A1;
					};
				};
			};
			buildConfigurationList = 822DCB9F285AF5B30051F4A1 /* Build configuration list for PBXProject "ChatAppWithFirebase" */;
			compatibilityVersion = "Xcode 13.0";
			developmentRegion = en;
			hasScannedForEncodings = 0;
			knownRegions = (
				en,
				Base,
			);
			mainGroup = 822DCB9B285AF5B30051F4A1;
			productRefGroup = 822DCBA5285AF5B30051F4A1 /* Products */;
			projectDirPath = "";
			projectRoot = "";
			targets = (
				822DCBA3285AF5B30051F4A1 /* ChatAppWithFirebase */,
				822DCBB9285AF5B40051F4A1 /* ChatAppWithFirebaseTests */,
				822DCBC3285AF5B40051F4A1 /* ChatAppWithFirebaseUITests */,
			);
		};
/* End PBXProject section */

/* Begin PBXResourcesBuildPhase section */
		822DCBA2285AF5B30051F4A1 /* Resources */ = {
			isa = PBXResourcesBuildPhase;
			buildActionMask = 2147483647;
			files = (
				822DCBB4285AF5B40051F4A1 /* LaunchScreen.storyboard in Resources */,
				822DCBB1285AF5B40051F4A1 /* Assets.xcassets in Resources */,
				822DCBAF285AF5B30051F4A1 /* Main.storyboard in Resources */,
			);
			runOnlyForDeploymentPostprocessing = 0;
		};
		822DCBB8285AF5B40051F4A1 /* Resources */ = {
			isa = PBXResourcesBuildPhase;
			buildActionMask = 2147483647;
			files = (
			);
			runOnlyForDeploymentPostprocessing = 0;
		};
		822DCBC2285AF5B40051F4A1 /* Resources */ = {
			isa = PBXResourcesBuildPhase;
			buildActionMask = 2147483647;
			files = (
			);
			runOnlyForDeploymentPostprocessing = 0;
		};
/* End PBXResourcesBuildPhase section */

/* Begin PBXSourcesBuildPhase section */
		822DCBA0285AF5B30051F4A1 /* Sources */ = {
			isa = PBXSourcesBuildPhase;
			buildActionMask = 2147483647;
			files = (
				822DCBAC285AF5B30051F4A1 /* ViewController.swift in Sources */,
				822DCBA8285AF5B30051F4A1 /* AppDelegate.swift in Sources */,
				822DCBAA285AF5B30051F4A1 /* SceneDelegate.swift in Sources */,
			);
			runOnlyForDeploymentPostprocessing = 0;
		};
		822DCBB6285AF5B40051F4A1 /* Sources */ = {
			isa = PBXSourcesBuildPhase;
			buildActionMask = 2147483647;
			files = (
				822DCBBF285AF5B40051F4A1 /* ChatAppWithFirebaseTests.swift in Sources */,
			);
			runOnlyForDeploymentPostprocessing = 0;
		};
		822DCBC0285AF5B40051F4A1 /* Sources */ = {
			isa = PBXSourcesBuildPhase;
			buildActionMask = 2147483647;
			files = (
				822DCBC9285AF5B40051F4A1 /* ChatAppWithFirebaseUITests.swift in Sources */,
				822DCBCB285AF5B40051F4A1 /* ChatAppWithFirebaseUITestsLaunchTests.swift in Sources */,
			);
			runOnlyForDeploymentPostprocessing = 0;
		};
/* End PBXSourcesBuildPhase section */

/* Begin PBXTargetDependency section */
		822DCBBC285AF5B40051F4A1 /* PBXTargetDependency */ = {
			isa = PBXTargetDependency;
			target = 822DCBA3285AF5B30051F4A1 /* ChatAppWithFirebase */;
			targetProxy = 822DCBBB285AF5B40051F4A1 /* PBXContainerItemProxy */;
		};
		822DCBC6285AF5B40051F4A1 /* PBXTargetDependency */ = {
			isa = PBXTargetDependency;
			target = 822DCBA3285AF5B30051F4A1 /* ChatAppWithFirebase */;
			targetProxy = 822DCBC5285AF5B40051F4A1 /* PBXContainerItemProxy */;
		};
/* End PBXTargetDependency section */

/* Begin PBXVariantGroup section */
		822DCBAD285AF5B30051F4A1 /* Main.storyboard */ = {
			isa = PBXVariantGroup;
			children = (
				822DCBAE285AF5B30051F4A1 /* Base */,
			);
			name = Main.storyboard;
			sourceTree = "<group>";
		};
		822DCBB2285AF5B40051F4A1 /* LaunchScreen.storyboard */ = {
			isa = PBXVariantGroup;
			children = (
				822DCBB3285AF5B40051F4A1 /* Base */,
			);
			name = LaunchScreen.storyboard;
			sourceTree = "<group>";
		};
/* End PBXVariantGroup section */

/* Begin XCBuildConfiguration section */
		822DCBCC285AF5B40051F4A1 /* Debug */ = {
			isa = XCBuildConfiguration;
			buildSettings = {
				ALWAYS_SEARCH_USER_PATHS = NO;
				CLANG_ANALYZER_NONNULL = YES;
				CLANG_ANALYZER_NUMBER_OBJECT_CONVERSION = YES_AGGRESSIVE;
				CLANG_CXX_LANGUAGE_STANDARD = "gnu++17";
				CLANG_ENABLE_MODULES = YES;
				CLANG_ENABLE_OBJC_ARC = YES;
				CLANG_ENABLE_OBJC_WEAK = YES;
				CLANG_WARN_BLOCK_CAPTURE_AUTORELEASING = YES;
				CLANG_WARN_BOOL_CONVERSION = YES;
				CLANG_WARN_COMMA = YES;
				CLANG_WARN_CONSTANT_CONVERSION = YES;
				CLANG_WARN_DEPRECATED_OBJC_IMPLEMENTATIONS = YES;
				CLANG_WARN_DIRECT_OBJC_ISA_USAGE = YES_ERROR;
				CLANG_WARN_DOCUMENTATION_COMMENTS = YES;
				CLANG_WARN_EMPTY_BODY = YES;
				CLANG_WARN_ENUM_CONVERSION = YES;
				CLANG_WARN_INFINITE_RECURSION = YES;
				CLANG_WARN_INT_CONVERSION = YES;
				CLANG_WARN_NON_LITERAL_NULL_CONVERSION = YES;
				CLANG_WARN_OBJC_IMPLICIT_RETAIN_SELF = YES;
				CLANG_WARN_OBJC_LITERAL_CONVERSION = YES;
				CLANG_WARN_OBJC_ROOT_CLASS = YES_ERROR;
				CLANG_WARN_QUOTED_INCLUDE_IN_FRAMEWORK_HEADER = YES;
				CLANG_WARN_RANGE_LOOP_ANALYSIS = YES;
				CLANG_WARN_STRICT_PROTOTYPES = YES;
				CLANG_WARN_SUSPICIOUS_MOVE = YES;
				CLANG_WARN_UNGUARDED_AVAILABILITY = YES_AGGRESSIVE;
				CLANG_WARN_UNREACHABLE_CODE = YES;
				CLANG_WARN__DUPLICATE_METHOD_MATCH = YES;
				COPY_PHASE_STRIP = NO;
				DEBUG_INFORMATION_FORMAT = dwarf;
				ENABLE_STRICT_OBJC_MSGSEND = YES;
				ENABLE_TESTABILITY = YES;
				GCC_C_LANGUAGE_STANDARD = gnu11;
				GCC_DYNAMIC_NO_PIC = NO;
				GCC_NO_COMMON_BLOCKS = YES;
				GCC_OPTIMIZATION_LEVEL = 0;
				GCC_PREPROCESSOR_DEFINITIONS = (
					"DEBUG=1",
					"$(inherited)",
				);
				GCC_WARN_64_TO_32_BIT_CONVERSION = YES;
				GCC_WARN_ABOUT_RETURN_TYPE = YES_ERROR;
				GCC_WARN_UNDECLARED_SELECTOR = YES;
				GCC_WARN_UNINITIALIZED_AUTOS = YES_AGGRESSIVE;
				GCC_WARN_UNUSED_FUNCTION = YES;
				GCC_WARN_UNUSED_VARIABLE = YES;
				IPHONEOS_DEPLOYMENT_TARGET = 15.5;
				MTL_ENABLE_DEBUG_INFO = INCLUDE_SOURCE;
				MTL_FAST_MATH = YES;
				ONLY_ACTIVE_ARCH = YES;
				SDKROOT = iphoneos;
				SWIFT_ACTIVE_COMPILATION_CONDITIONS = DEBUG;
				SWIFT_OPTIMIZATION_LEVEL = "-Onone";
			};
			name = Debug;
		};
		822DCBCD285AF5B40051F4A1 /* Release */ = {
			isa = XCBuildConfiguration;
			buildSettings = {
				ALWAYS_SEARCH_USER_PATHS = NO;
				CLANG_ANALYZER_NONNULL = YES;
				CLANG_ANALYZER_NUMBER_OBJECT_CONVERSION = YES_AGGRESSIVE;
				CLANG_CXX_LANGUAGE_STANDARD = "gnu++17";
				CLANG_ENABLE_MODULES = YES;
				CLANG_ENABLE_OBJC_ARC = YES;
				CLANG_ENABLE_OBJC_WEAK = YES;
				CLANG_WARN_BLOCK_CAPTURE_AUTORELEASING = YES;
				CLANG_WARN_BOOL_CONVERSION = YES;
				CLANG_WARN_COMMA = YES;
				CLANG_WARN_CONSTANT_CONVERSION = YES;
				CLANG_WARN_DEPRECATED_OBJC_IMPLEMENTATIONS = YES;
				CLANG_WARN_DIRECT_OBJC_ISA_USAGE = YES_ERROR;
				CLANG_WARN_DOCUMENTATION_COMMENTS = YES;
				CLANG_WARN_EMPTY_BODY = YES;
				CLANG_WARN_ENUM_CONVERSION = YES;
				CLANG_WARN_INFINITE_RECURSION = YES;
				CLANG_WARN_INT_CONVERSION = YES;
				CLANG_WARN_NON_LITERAL_NULL_CONVERSION = YES;
				CLANG_WARN_OBJC_IMPLICIT_RETAIN_SELF = YES;
				CLANG_WARN_OBJC_LITERAL_CONVERSION = YES;
				CLANG_WARN_OBJC_ROOT_CLASS = YES_ERROR;
				CLANG_WARN_QUOTED_INCLUDE_IN_FRAMEWORK_HEADER = YES;
				CLANG_WARN_RANGE_LOOP_ANALYSIS = YES;
				CLANG_WARN_STRICT_PROTOTYPES = YES;
				CLANG_WARN_SUSPICIOUS_MOVE = YES;
				CLANG_WARN_UNGUARDED_AVAILABILITY = YES_AGGRESSIVE;
				CLANG_WARN_UNREACHABLE_CODE = YES;
				CLANG_WARN__DUPLICATE_METHOD_MATCH = YES;
				COPY_PHASE_STRIP = NO;
				DEBUG_INFORMATION_FORMAT = "dwarf-with-dsym";
				ENABLE_NS_ASSERTIONS = NO;
				ENABLE_STRICT_OBJC_MSGSEND = YES;
				GCC_C_LANGUAGE_STANDARD = gnu11;
				GCC_NO_COMMON_BLOCKS = YES;
				GCC_WARN_64_TO_32_BIT_CONVERSION = YES;
				GCC_WARN_ABOUT_RETURN_TYPE = YES_ERROR;
				GCC_WARN_UNDECLARED_SELECTOR = YES;
				GCC_WARN_UNINITIALIZED_AUTOS = YES_AGGRESSIVE;
				GCC_WARN_UNUSED_FUNCTION = YES;
				GCC_WARN_UNUSED_VARIABLE = YES;
				IPHONEOS_DEPLOYMENT_TARGET = 15.5;
				MTL_ENABLE_DEBUG_INFO = NO;
				MTL_FAST_MATH = YES;
				SDKROOT = iphoneos;
				SWIFT_COMPILATION_MODE = wholemodule;
				SWIFT_OPTIMIZATION_LEVEL = "-O";
				VALIDATE_PRODUCT = YES;
			};
			name = Release;
		};
		822DCBCF285AF5B40051F4A1 /* Debug */ = {
			isa = XCBuildConfiguration;
			buildSettings = {
				ASSETCATALOG_COMPILER_APPICON_NAME = AppIcon;
				ASSETCATALOG_COMPILER_GLOBAL_ACCENT_COLOR_NAME = AccentColor;
				CODE_SIGN_STYLE = Automatic;
				CURRENT_PROJECT_VERSION = 1;
				DEVELOPMENT_TEAM = GQZ24SVQ96;
				GENERATE_INFOPLIST_FILE = YES;
				INFOPLIST_FILE = ChatAppWithFirebase/Info.plist;
				INFOPLIST_KEY_UIApplicationSupportsIndirectInputEvents = YES;
				INFOPLIST_KEY_UILaunchStoryboardName = LaunchScreen;
				INFOPLIST_KEY_UIMainStoryboardFile = Main;
				INFOPLIST_KEY_UISupportedInterfaceOrientations_iPad = "UIInterfaceOrientationPortrait UIInterfaceOrientationPortraitUpsideDown UIInterfaceOrientationLandscapeLeft UIInterfaceOrientationLandscapeRight";
				INFOPLIST_KEY_UISupportedInterfaceOrientations_iPhone = "UIInterfaceOrientationPortrait UIInterfaceOrientationLandscapeLeft UIInterfaceOrientationLandscapeRight";
				LD_RUNPATH_SEARCH_PATHS = (
					"$(inherited)",
					"@executable_path/Frameworks",
				);
				MARKETING_VERSION = 1.0;
				PRODUCT_BUNDLE_IDENTIFIER = com.ostye.ChatAppWithFirebase;
				PRODUCT_NAME = "$(TARGET_NAME)";
				SWIFT_EMIT_LOC_STRINGS = YES;
				SWIFT_VERSION = 5.0;
				TARGETED_DEVICE_FAMILY = "1,2";
			};
			name = Debug;
		};
		822DCBD0285AF5B40051F4A1 /* Release */ = {
			isa = XCBuildConfiguration;
			buildSettings = {
				ASSETCATALOG_COMPILER_APPICON_NAME = AppIcon;
				ASSETCATALOG_COMPILER_GLOBAL_ACCENT_COLOR_NAME = AccentColor;
				CODE_SIGN_STYLE = Automatic;
				CURRENT_PROJECT_VERSION = 1;
				DEVELOPMENT_TEAM = GQZ24SVQ96;
				GENERATE_INFOPLIST_FILE = YES;
				INFOPLIST_FILE = ChatAppWithFirebase/Info.plist;
				INFOPLIST_KEY_UIApplicationSupportsIndirectInputEvents = YES;
				INFOPLIST_KEY_UILaunchStoryboardName = LaunchScreen;
				INFOPLIST_KEY_UIMainStoryboardFile = Main;
				INFOPLIST_KEY_UISupportedInterfaceOrientations_iPad = "UIInterfaceOrientationPortrait UIInterfaceOrientationPortraitUpsideDown UIInterfaceOrientationLandscapeLeft UIInterfaceOrientationLandscapeRight";
				INFOPLIST_KEY_UISupportedInterfaceOrientations_iPhone = "UIInterfaceOrientationPortrait UIInterfaceOrientationLandscapeLeft UIInterfaceOrientationLandscapeRight";
				LD_RUNPATH_SEARCH_PATHS = (
					"$(inherited)",
					"@executable_path/Frameworks",
				);
				MARKETING_VERSION = 1.0;
				PRODUCT_BUNDLE_IDENTIFIER = com.ostye.ChatAppWithFirebase;
				PRODUCT_NAME = "$(TARGET_NAME)";
				SWIFT_EMIT_LOC_STRINGS = YES;
				SWIFT_VERSION = 5.0;
				TARGETED_DEVICE_FAMILY = "1,2";
			};
			name = Release;
		};
		822DCBD2285AF5B40051F4A1 /* Debug */ = {
			isa = XCBuildConfiguration;
			buildSettings = {
				ALWAYS_EMBED_SWIFT_STANDARD_LIBRARIES = YES;
				BUNDLE_LOADER = "$(TEST_HOST)";
				CODE_SIGN_STYLE = Automatic;
				CURRENT_PROJECT_VERSION = 1;
				DEVELOPMENT_TEAM = GQZ24SVQ96;
				GENERATE_INFOPLIST_FILE = YES;
				IPHONEOS_DEPLOYMENT_TARGET = 15.5;
				MARKETING_VERSION = 1.0;
				PRODUCT_BUNDLE_IDENTIFIER = com.ostye.ChatAppWithFirebaseTests;
				PRODUCT_NAME = "$(TARGET_NAME)";
				SWIFT_EMIT_LOC_STRINGS = NO;
				SWIFT_VERSION = 5.0;
				TARGETED_DEVICE_FAMILY = "1,2";
				TEST_HOST = "$(BUILT_PRODUCTS_DIR)/ChatAppWithFirebase.app/ChatAppWithFirebase";
			};
			name = Debug;
		};
		822DCBD3285AF5B40051F4A1 /* Release */ = {
			isa = XCBuildConfiguration;
			buildSettings = {
				ALWAYS_EMBED_SWIFT_STANDARD_LIBRARIES = YES;
				BUNDLE_LOADER = "$(TEST_HOST)";
				CODE_SIGN_STYLE = Automatic;
				CURRENT_PROJECT_VERSION = 1;
				DEVELOPMENT_TEAM = GQZ24SVQ96;
				GENERATE_INFOPLIST_FILE = YES;
				IPHONEOS_DEPLOYMENT_TARGET = 15.5;
				MARKETING_VERSION = 1.0;
				PRODUCT_BUNDLE_IDENTIFIER = com.ostye.ChatAppWithFirebaseTests;
				PRODUCT_NAME = "$(TARGET_NAME)";
				SWIFT_EMIT_LOC_STRINGS = NO;
				SWIFT_VERSION = 5.0;
				TARGETED_DEVICE_FAMILY = "1,2";
				TEST_HOST = "$(BUILT_PRODUCTS_DIR)/ChatAppWithFirebase.app/ChatAppWithFirebase";
			};
			name = Release;
		};
		822DCBD5285AF5B40051F4A1 /* Debug */ = {
			isa = XCBuildConfiguration;
			buildSettings = {
				ALWAYS_EMBED_SWIFT_STANDARD_LIBRARIES = YES;
				CODE_SIGN_STYLE = Automatic;
				CURRENT_PROJECT_VERSION = 1;
				DEVELOPMENT_TEAM = GQZ24SVQ96;
				GENERATE_INFOPLIST_FILE = YES;
				MARKETING_VERSION = 1.0;
				PRODUCT_BUNDLE_IDENTIFIER = com.ostye.ChatAppWithFirebaseUITests;
				PRODUCT_NAME = "$(TARGET_NAME)";
				SWIFT_EMIT_LOC_STRINGS = NO;
				SWIFT_VERSION = 5.0;
				TARGETED_DEVICE_FAMILY = "1,2";
				TEST_TARGET_NAME = ChatAppWithFirebase;
			};
			name = Debug;
		};
		822DCBD6285AF5B40051F4A1 /* Release */ = {
			isa = XCBuildConfiguration;
			buildSettings = {
				ALWAYS_EMBED_SWIFT_STANDARD_LIBRARIES = YES;
				CODE_SIGN_STYLE = Automatic;
				CURRENT_PROJECT_VERSION = 1;
				DEVELOPMENT_TEAM = GQZ24SVQ96;
				GENERATE_INFOPLIST_FILE = YES;
				MARKETING_VERSION = 1.0;
				PRODUCT_BUNDLE_IDENTIFIER = com.ostye.ChatAppWithFirebaseUITests;
				PRODUCT_NAME = "$(TARGET_NAME)";
				SWIFT_EMIT_LOC_STRINGS = NO;
				SWIFT_VERSION = 5.0;
				TARGETED_DEVICE_FAMILY = "1,2";
				TEST_TARGET_NAME = ChatAppWithFirebase;
			};
			name = Release;
		};
/* End XCBuildConfiguration section */

/* Begin XCConfigurationList section */
		822DCB9F285AF5B30051F4A1 /* Build configuration list for PBXProject "ChatAppWithFirebase" */ = {
			isa = XCConfigurationList;
			buildConfigurations = (
				822DCBCC285AF5B40051F4A1 /* Debug */,
				822DCBCD285AF5B40051F4A1 /* Release */,
			);
			defaultConfigurationIsVisible = 0;
			defaultConfigurationName = Release;
		};
		822DCBCE285AF5B40051F4A1 /* Build configuration list for PBXNativeTarget "ChatAppWithFirebase" */ = {
			isa = XCConfigurationList;
			buildConfigurations = (
				822DCBCF285AF5B40051F4A1 /* Debug */,
				822DCBD0285AF5B40051F4A1 /* Release */,
			);
			defaultConfigurationIsVisible = 0;
			defaultConfigurationName = Release;
		};
		822DCBD1285AF5B40051F4A1 /* Build configuration list for PBXNativeTarget "ChatAppWithFirebaseTests" */ = {
			isa = XCConfigurationList;
			buildConfigurations = (
				822DCBD2285AF5B40051F4A1 /* Debug */,
				822DCBD3285AF5B40051F4A1 /* Release */,
			);
			defaultConfigurationIsVisible = 0;
			defaultConfigurationName = Release;
		};
		822DCBD4285AF5B40051F4A1 /* Build configuration list for PBXNativeTarget "ChatAppWithFirebaseUITests" */ = {
			isa = XCConfigurationList;
			buildConfigurations = (
				822DCBD5285AF5B40051F4A1 /* Debug */,
				822DCBD6285AF5B40051F4A1 /* Release */,
			);
			defaultConfigurationIsVisible = 0;
			defaultConfigurationName = Release;
		};
/* End XCConfigurationList section */
	};
	rootObject = 822DCB9C285AF5B30051F4A1 /* Project object */;
}
